// !$*UTF8*$!
{
	archiveVersion = 1;
	classes = {
	};
	objectVersion = 50;
	objects = {

/* Begin PBXBuildFile section */
		3349F2AB217030B30022A2E1 /* AppDelegate.m in Sources */ = {isa = PBXBuildFile; fileRef = 3349F2AA217030B30022A2E1 /* AppDelegate.m */; };
		3349F2AE217030B30022A2E1 /* ViewController.m in Sources */ = {isa = PBXBuildFile; fileRef = 3349F2AD217030B30022A2E1 /* ViewController.m */; };
		3349F2B1217030B30022A2E1 /* Main.storyboard in Resources */ = {isa = PBXBuildFile; fileRef = 3349F2AF217030B30022A2E1 /* Main.storyboard */; };
		3349F2B3217030B40022A2E1 /* Assets.xcassets in Resources */ = {isa = PBXBuildFile; fileRef = 3349F2B2217030B40022A2E1 /* Assets.xcassets */; };
		3349F2B6217030B40022A2E1 /* LaunchScreen.storyboard in Resources */ = {isa = PBXBuildFile; fileRef = 3349F2B4217030B40022A2E1 /* LaunchScreen.storyboard */; };
		3349F2B9217030B40022A2E1 /* main.m in Sources */ = {isa = PBXBuildFile; fileRef = 3349F2B8217030B40022A2E1 /* main.m */; };
		3349F2C2217031640022A2E1 /* FJReplayKit.m in Sources */ = {isa = PBXBuildFile; fileRef = 3349F2C1217031640022A2E1 /* FJReplayKit.m */; };
/* End PBXBuildFile section */

/* Begin PBXFileReference section */
		3349F2A6217030B30022A2E1 /* FJReplayKitDemo.app */ = {isa = PBXFileReference; explicitFileType = wrapper.application; includeInIndex = 0; path = FJReplayKitDemo.app; sourceTree = BUILT_PRODUCTS_DIR; };
		3349F2A9217030B30022A2E1 /* AppDelegate.h */ = {isa = PBXFileReference; lastKnownFileType = sourcecode.c.h; path = AppDelegate.h; sourceTree = "<group>"; };
		3349F2AA217030B30022A2E1 /* AppDelegate.m */ = {isa = PBXFileReference; lastKnownFileType = sourcecode.c.objc; path = AppDelegate.m; sourceTree = "<group>"; };
		3349F2AC217030B30022A2E1 /* ViewController.h */ = {isa = PBXFileReference; lastKnownFileType = sourcecode.c.h; path = ViewController.h; sourceTree = "<group>"; };
		3349F2AD217030B30022A2E1 /* ViewController.m */ = {isa = PBXFileReference; lastKnownFileType = sourcecode.c.objc; path = ViewController.m; sourceTree = "<group>"; };
		3349F2B0217030B30022A2E1 /* Base */ = {isa = PBXFileReference; lastKnownFileType = file.storyboard; name = Base; path = Base.lproj/Main.storyboard; sourceTree = "<group>"; };
		3349F2B2217030B40022A2E1 /* Assets.xcassets */ = {isa = PBXFileReference; lastKnownFileType = folder.assetcatalog; path = Assets.xcassets; sourceTree = "<group>"; };
		3349F2B5217030B40022A2E1 /* Base */ = {isa = PBXFileReference; lastKnownFileType = file.storyboard; name = Base; path = Base.lproj/LaunchScreen.storyboard; sourceTree = "<group>"; };
		3349F2B7217030B40022A2E1 /* Info.plist */ = {isa = PBXFileReference; lastKnownFileType = text.plist.xml; path = Info.plist; sourceTree = "<group>"; };
		3349F2B8217030B40022A2E1 /* main.m */ = {isa = PBXFileReference; lastKnownFileType = sourcecode.c.objc; path = main.m; sourceTree = "<group>"; };
		3349F2BF217031390022A2E1 /* FJReplayKitNote.h */ = {isa = PBXFileReference; lastKnownFileType = sourcecode.c.h; path = FJReplayKitNote.h; sourceTree = "<group>"; };
		3349F2C0217031640022A2E1 /* FJReplayKit.h */ = {isa = PBXFileReference; lastKnownFileType = sourcecode.c.h; path = FJReplayKit.h; sourceTree = "<group>"; };
		3349F2C1217031640022A2E1 /* FJReplayKit.m */ = {isa = PBXFileReference; lastKnownFileType = sourcecode.c.objc; path = FJReplayKit.m; sourceTree = "<group>"; };
/* End PBXFileReference section */

/* Begin PBXFrameworksBuildPhase section */
		3349F2A3217030B30022A2E1 /* Frameworks */ = {
			isa = PBXFrameworksBuildPhase;
			buildActionMask = 2147483647;
			files = (
			);
			runOnlyForDeploymentPostprocessing = 0;
		};
/* End PBXFrameworksBuildPhase section */

/* Begin PBXGroup section */
		3349F29D217030B30022A2E1 = {
			isa = PBXGroup;
			children = (
				3349F2A8217030B30022A2E1 /* FJReplayKitDemo */,
				3349F2A7217030B30022A2E1 /* Products */,
			);
			sourceTree = "<group>";
		};
		3349F2A7217030B30022A2E1 /* Products */ = {
			isa = PBXGroup;
			children = (
				3349F2A6217030B30022A2E1 /* FJReplayKitDemo.app */,
			);
			name = Products;
			sourceTree = "<group>";
		};
		3349F2A8217030B30022A2E1 /* FJReplayKitDemo */ = {
			isa = PBXGroup;
			children = (
				3349F2A9217030B30022A2E1 /* AppDelegate.h */,
				3349F2AA217030B30022A2E1 /* AppDelegate.m */,
				3349F2AC217030B30022A2E1 /* ViewController.h */,
				3349F2AD217030B30022A2E1 /* ViewController.m */,
				3349F2BF217031390022A2E1 /* FJReplayKitNote.h */,
				3349F2C0217031640022A2E1 /* FJReplayKit.h */,
				3349F2C1217031640022A2E1 /* FJReplayKit.m */,
				3349F2AF217030B30022A2E1 /* Main.storyboard */,
				3349F2B2217030B40022A2E1 /* Assets.xcassets */,
				3349F2B4217030B40022A2E1 /* LaunchScreen.storyboard */,
				3349F2B7217030B40022A2E1 /* Info.plist */,
				3349F2B8217030B40022A2E1 /* main.m */,
			);
			path = FJReplayKitDemo;
			sourceTree = "<group>";
		};
/* End PBXGroup section */

/* Begin PBXNativeTarget section */
		3349F2A5217030B30022A2E1 /* FJReplayKitDemo */ = {
			isa = PBXNativeTarget;
			buildConfigurationList = 3349F2BC217030B40022A2E1 /* Build configuration list for PBXNativeTarget "FJReplayKitDemo" */;
			buildPhases = (
				3349F2A2217030B30022A2E1 /* Sources */,
				3349F2A3217030B30022A2E1 /* Frameworks */,
				3349F2A4217030B30022A2E1 /* Resources */,
			);
			buildRules = (
			);
			dependencies = (
			);
			name = FJReplayKitDemo;
			productName = FJReplayKitDemo;
			productReference = 3349F2A6217030B30022A2E1 /* FJReplayKitDemo.app */;
			productType = "com.apple.product-type.application";
		};
/* End PBXNativeTarget section */

/* Begin PBXProject section */
		3349F29E217030B30022A2E1 /* Project object */ = {
			isa = PBXProject;
			attributes = {
				LastUpgradeCheck = 1000;
				ORGANIZATIONNAME = FengJie;
				TargetAttributes = {
					3349F2A5217030B30022A2E1 = {
						CreatedOnToolsVersion = 10.0;
					};
				};
			};
			buildConfigurationList = 3349F2A1217030B30022A2E1 /* Build configuration list for PBXProject "FJReplayKitDemo" */;
			compatibilityVersion = "Xcode 9.3";
			developmentRegion = en;
			hasScannedForEncodings = 0;
			knownRegions = (
				en,
				Base,
			);
			mainGroup = 3349F29D217030B30022A2E1;
			productRefGroup = 3349F2A7217030B30022A2E1 /* Products */;
			projectDirPath = "";
			projectRoot = "";
			targets = (
				3349F2A5217030B30022A2E1 /* FJReplayKitDemo */,
			);
		};
/* End PBXProject section */

/* Begin PBXResourcesBuildPhase section */
		3349F2A4217030B30022A2E1 /* Resources */ = {
			isa = PBXResourcesBuildPhase;
			buildActionMask = 2147483647;
			files = (
				3349F2B6217030B40022A2E1 /* LaunchScreen.storyboard in Resources */,
				3349F2B3217030B40022A2E1 /* Assets.xcassets in Resources */,
				3349F2B1217030B30022A2E1 /* Main.storyboard in Resources */,
			);
			runOnlyForDeploymentPostprocessing = 0;
		};
/* End PBXResourcesBuildPhase section */

/* Begin PBXSourcesBuildPhase section */
		3349F2A2217030B30022A2E1 /* Sources */ = {
			isa = PBXSourcesBuildPhase;
			buildActionMask = 2147483647;
			files = (
				3349F2AE217030B30022A2E1 /* ViewController.m in Sources */,
				3349F2C2217031640022A2E1 /* FJReplayKit.m in Sources */,
				3349F2B9217030B40022A2E1 /* main.m in Sources */,
				3349F2AB217030B30022A2E1 /* AppDelegate.m in Sources */,
			);
			runOnlyForDeploymentPostprocessing = 0;
		};
/* End PBXSourcesBuildPhase section */

/* Begin PBXVariantGroup section */
		3349F2AF217030B30022A2E1 /* Main.storyboard */ = {
			isa = PBXVariantGroup;
			children = (
				3349F2B0217030B30022A2E1 /* Base */,
			);
			name = Main.storyboard;
			sourceTree = "<group>";
		};
		3349F2B4217030B40022A2E1 /* LaunchScreen.storyboard */ = {
			isa = PBXVariantGroup;
			children = (
				3349F2B5217030B40022A2E1 /* Base */,
			);
			name = LaunchScreen.storyboard;
			sourceTree = "<group>";
		};
/* End PBXVariantGroup section */

/* Begin XCBuildConfiguration section */
		3349F2BA217030B40022A2E1 /* Debug */ = {
			isa = XCBuildConfiguration;
			buildSettings = {
				ALWAYS_SEARCH_USER_PATHS = NO;
				CLANG_ANALYZER_NONNULL = YES;
				CLANG_ANALYZER_NUMBER_OBJECT_CONVERSION = YES_AGGRESSIVE;
				CLANG_CXX_LANGUAGE_STANDARD = "gnu++14";
				CLANG_CXX_LIBRARY = "libc++";
				CLANG_ENABLE_MODULES = YES;
				CLANG_ENABLE_OBJC_ARC = YES;
				CLANG_ENABLE_OBJC_WEAK = YES;
				CLANG_WARN_BLOCK_CAPTURE_AUTORELEASING = YES;
				CLANG_WARN_BOOL_CONVERSION = YES;
				CLANG_WARN_COMMA = YES;
				CLANG_WARN_CONSTANT_CONVERSION = YES;
				CLANG_WARN_DEPRECATED_OBJC_IMPLEMENTATIONS = YES;
				CLANG_WARN_DIRECT_OBJC_ISA_USAGE = YES_ERROR;
				CLANG_WARN_DOCUMENTATION_COMMENTS = YES;
				CLANG_WARN_EMPTY_BODY = YES;
				CLANG_WARN_ENUM_CONVERSION = YES;
				CLANG_WARN_INFINITE_RECURSION = YES;
				CLANG_WARN_INT_CONVERSION = YES;
				CLANG_WARN_NON_LITERAL_NULL_CONVERSION = YES;
				CLANG_WARN_OBJC_IMPLICIT_RETAIN_SELF = YES;
				CLANG_WARN_OBJC_LITERAL_CONVERSION = YES;
				CLANG_WARN_OBJC_ROOT_CLASS = YES_ERROR;
				CLANG_WARN_RANGE_LOOP_ANALYSIS = YES;
				CLANG_WARN_STRICT_PROTOTYPES = YES;
				CLANG_WARN_SUSPICIOUS_MOVE = YES;
				CLANG_WARN_UNGUARDED_AVAILABILITY = YES_AGGRESSIVE;
				CLANG_WARN_UNREACHABLE_CODE = YES;
				CLANG_WARN__DUPLICATE_METHOD_MATCH = YES;
				CODE_SIGN_IDENTITY = "iPhone Developer";
				COPY_PHASE_STRIP = NO;
				DEBUG_INFORMATION_FORMAT = dwarf;
				ENABLE_STRICT_OBJC_MSGSEND = YES;
				ENABLE_TESTABILITY = YES;
				GCC_C_LANGUAGE_STANDARD = gnu11;
				GCC_DYNAMIC_NO_PIC = NO;
				GCC_NO_COMMON_BLOCKS = YES;
				GCC_OPTIMIZATION_LEVEL = 0;
				GCC_PREPROCESSOR_DEFINITIONS = (
					"DEBUG=1",
					"$(inherited)",
				);
				GCC_WARN_64_TO_32_BIT_CONVERSION = YES;
				GCC_WARN_ABOUT_RETURN_TYPE = YES_ERROR;
				GCC_WARN_UNDECLARED_SELECTOR = YES;
				GCC_WARN_UNINITIALIZED_AUTOS = YES_AGGRESSIVE;
				GCC_WARN_UNUSED_FUNCTION = YES;
				GCC_WARN_UNUSED_VARIABLE = YES;
				IPHONEOS_DEPLOYMENT_TARGET = 12.0;
				MTL_ENABLE_DEBUG_INFO = INCLUDE_SOURCE;
				MTL_FAST_MATH = YES;
				ONLY_ACTIVE_ARCH = YES;
				SDKROOT = iphoneos;
			};
			name = Debug;
		};
		3349F2BB217030B40022A2E1 /* Release */ = {
			isa = XCBuildConfiguration;
			buildSettings = {
				ALWAYS_SEARCH_USER_PATHS = NO;
				CLANG_ANALYZER_NONNULL = YES;
				CLANG_ANALYZER_NUMBER_OBJECT_CONVERSION = YES_AGGRESSIVE;
				CLANG_CXX_LANGUAGE_STANDARD = "gnu++14";
				CLANG_CXX_LIBRARY = "libc++";
				CLANG_ENABLE_MODULES = YES;
				CLANG_ENABLE_OBJC_ARC = YES;
				CLANG_ENABLE_OBJC_WEAK = YES;
				CLANG_WARN_BLOCK_CAPTURE_AUTORELEASING = YES;
				CLANG_WARN_BOOL_CONVERSION = YES;
				CLANG_WARN_COMMA = YES;
				CLANG_WARN_CONSTANT_CONVERSION = YES;
				CLANG_WARN_DEPRECATED_OBJC_IMPLEMENTATIONS = YES;
				CLANG_WARN_DIRECT_OBJC_ISA_USAGE = YES_ERROR;
				CLANG_WARN_DOCUMENTATION_COMMENTS = YES;
				CLANG_WARN_EMPTY_BODY = YES;
				CLANG_WARN_ENUM_CONVERSION = YES;
				CLANG_WARN_INFINITE_RECURSION = YES;
				CLANG_WARN_INT_CONVERSION = YES;
				CLANG_WARN_NON_LITERAL_NULL_CONVERSION = YES;
				CLANG_WARN_OBJC_IMPLICIT_RETAIN_SELF = YES;
				CLANG_WARN_OBJC_LITERAL_CONVERSION = YES;
				CLANG_WARN_OBJC_ROOT_CLASS = YES_ERROR;
				CLANG_WARN_RANGE_LOOP_ANALYSIS = YES;
				CLANG_WARN_STRICT_PROTOTYPES = YES;
				CLANG_WARN_SUSPICIOUS_MOVE = YES;
				CLANG_WARN_UNGUARDED_AVAILABILITY = YES_AGGRESSIVE;
				CLANG_WARN_UNREACHABLE_CODE = YES;
				CLANG_WARN__DUPLICATE_METHOD_MATCH = YES;
				CODE_SIGN_IDENTITY = "iPhone Developer";
				COPY_PHASE_STRIP = NO;
				DEBUG_INFORMATION_FORMAT = "dwarf-with-dsym";
				ENABLE_NS_ASSERTIONS = NO;
				ENABLE_STRICT_OBJC_MSGSEND = YES;
				GCC_C_LANGUAGE_STANDARD = gnu11;
				GCC_NO_COMMON_BLOCKS = YES;
				GCC_WARN_64_TO_32_BIT_CONVERSION = YES;
				GCC_WARN_ABOUT_RETURN_TYPE = YES_ERROR;
				GCC_WARN_UNDECLARED_SELECTOR = YES;
				GCC_WARN_UNINITIALIZED_AUTOS = YES_AGGRESSIVE;
				GCC_WARN_UNUSED_FUNCTION = YES;
				GCC_WARN_UNUSED_VARIABLE = YES;
				IPHONEOS_DEPLOYMENT_TARGET = 12.0;
				MTL_ENABLE_DEBUG_INFO = NO;
				MTL_FAST_MATH = YES;
				SDKROOT = iphoneos;
				VALIDATE_PRODUCT = YES;
			};
			name = Release;
		};
		3349F2BD217030B40022A2E1 /* Debug */ = {
			isa = XCBuildConfiguration;
			buildSettings = {
				ASSETCATALOG_COMPILER_APPICON_NAME = AppIcon;
				CODE_SIGN_STYLE = Automatic;
				DEVELOPMENT_TEAM = UJ6A7T9X5Y;
				INFOPLIST_FILE = FJReplayKitDemo/Info.plist;
				IPHONEOS_DEPLOYMENT_TARGET = 11.0;
				LD_RUNPATH_SEARCH_PATHS = (
					"$(inherited)",
					"@executable_path/Frameworks",
				);
				PRODUCT_BUNDLE_IDENTIFIER = com.fengjie.development.FJReplayKitDemo;
				PRODUCT_NAME = "$(TARGET_NAME)";
				TARGETED_DEVICE_FAMILY = "1,2";
			};
			name = Debug;
		};
		3349F2BE217030B40022A2E1 /* Release */ = {
			isa = XCBuildConfiguration;
			buildSettings = {
				ASSETCATALOG_COMPILER_APPICON_NAME = AppIcon;
				CODE_SIGN_STYLE = Automatic;
				DEVELOPMENT_TEAM = UJ6A7T9X5Y;
				INFOPLIST_FILE = FJReplayKitDemo/Info.plist;
				IPHONEOS_DEPLOYMENT_TARGET = 11.0;
				LD_RUNPATH_SEARCH_PATHS = (
					"$(inherited)",
					"@executable_path/Frameworks",
				);
				PRODUCT_BUNDLE_IDENTIFIER = com.fengjie.development.FJReplayKitDemo;
				PRODUCT_NAME = "$(TARGET_NAME)";
				TARGETED_DEVICE_FAMILY = "1,2";
			};
			name = Release;
		};
/* End XCBuildConfiguration section */

/* Begin XCConfigurationList section */
		3349F2A1217030B30022A2E1 /* Build configuration list for PBXProject "FJReplayKitDemo" */ = {
			isa = XCConfigurationList;
			buildConfigurations = (
				3349F2BA217030B40022A2E1 /* Debug */,
				3349F2BB217030B40022A2E1 /* Release */,
			);
			defaultConfigurationIsVisible = 0;
			defaultConfigurationName = Release;
		};
		3349F2BC217030B40022A2E1 /* Build configuration list for PBXNativeTarget "FJReplayKitDemo" */ = {
			isa = XCConfigurationList;
			buildConfigurations = (
				3349F2BD217030B40022A2E1 /* Debug */,
				3349F2BE217030B40022A2E1 /* Release */,
			);
			defaultConfigurationIsVisible = 0;
			defaultConfigurationName = Release;
		};
/* End XCConfigurationList section */
	};
	rootObject = 3349F29E217030B30022A2E1 /* Project object */;
}
